
Microsoft Visual Studio Solution File, Format Version 12.00
# Visual Studio 15
VisualStudioVersion = 15.0.28307.136
MinimumVisualStudioVersion = 10.0.40219.1
Project("{FAE04EC0-301F-11D3-BF4B-00C04F79EFBC}") = "MyTiming", "MyTiming\MyTiming.csproj", "{2C44FEBD-CD42-4927-BA68-F1F86BCC0130}"
EndProject
Global
	GlobalSection(SolutionConfigurationPlatforms) = preSolution
		Debug|ARM = Debug|ARM
		Debug|x64 = Debug|x64
		Debug|x86 = Debug|x86
		Release|ARM = Release|ARM
		Release|x64 = Release|x64
		Release|x86 = Release|x86
	EndGlobalSection
	GlobalSection(ProjectConfigurationPlatforms) = postSolution
		{2C44FEBD-CD42-4927-BA68-F1F86BCC0130}.Debug|ARM.ActiveCfg = Debug|ARM
		{2C44FEBD-CD42-4927-BA68-F1F86BCC0130}.Debug|ARM.Build.0 = Debug|ARM
		{2C44FEBD-CD42-4927-BA68-F1F86BCC0130}.Debug|ARM.Deploy.0 = Debug|ARM
		{2C44FEBD-CD42-4927-BA68-F1F86BCC0130}.Debug|x64.ActiveCfg = Debug|x64
		{2C44FEBD-CD42-4927-BA68-F1F86BCC0130}.Debug|x64.Build.0 = Debug|x64
		{2C44FEBD-CD42-4927-BA68-F1F86BCC0130}.Debug|x64.Deploy.0 = Debug|x64
		{2C44FEBD-CD42-4927-BA68-F1F86BCC0130}.Debug|x86.ActiveCfg = Debug|x86
		{2C44FEBD-CD42-4927-BA68-F1F86BCC0130}.Debug|x86.Build.0 = Debug|x86
		{2C44FEBD-CD42-4927-BA68-F1F86BCC0130}.Debug|x86.Deploy.0 = Debug|x86
		{2C44FEBD-CD42-4927-BA68-F1F86BCC0130}.Release|ARM.ActiveCfg = Release|ARM
		{2C44FEBD-CD42-4927-BA68-F1F86BCC0130}.Release|ARM.Build.0 = Release|ARM
		{2C44FEBD-CD42-4927-BA68-F1F86BCC0130}.Release|ARM.Deploy.0 = Release|ARM
		{2C44FEBD-CD42-4927-BA68-F1F86BCC0130}.Release|x64.ActiveCfg = Release|x64
		{2C44FEBD-CD42-4927-BA68-F1F86BCC0130}.Release|x64.Build.0 = Release|x64
		{2C44FEBD-CD42-4927-BA68-F1F86BCC0130}.Release|x64.Deploy.0 = Release|x64
		{2C44FEBD-CD42-4927-BA68-F1F86BCC0130}.Release|x86.ActiveCfg = Release|x86
		{2C44FEBD-CD42-4927-BA68-F1F86BCC0130}.Release|x86.Build.0 = Release|x86
		{2C44FEBD-CD42-4927-BA68-F1F86BCC0130}.Release|x86.Deploy.0 = Release|x86
	EndGlobalSection
	GlobalSection(SolutionProperties) = preSolution
		HideSolutionNode = FALSE
	EndGlobalSection
	GlobalSection(ExtensibilityGlobals) = postSolution
		SolutionGuid = {C3C5FC3F-4497-457E-AFBA-1E6486660450}
	EndGlobalSection
EndGlobal
